
Microsoft Visual Studio Solution File, Format Version 12.00
# Visual Studio 14
VisualStudioVersion = 14.0.23107.0
MinimumVisualStudioVersion = 10.0.40219.1
Project("{CC5FD16D-436D-48AD-A40C-5A424C6E3E79}") = "ImageneCloudService", "ImageneCloudService\ImageneCloudService.ccproj", "{004E9E2B-9EB7-4020-B7E1-B2CEB717CAC1}"
EndProject
Project("{FAE04EC0-301F-11D3-BF4B-00C04F79EFBC}") = "ImageneWebRole", "ImageneWebRole\ImageneWebRole.csproj", "{6AFC22B7-E335-4312-9887-0A5F9DEA5684}"
EndProject
Global
	GlobalSection(SolutionConfigurationPlatforms) = preSolution
		Debug|Any CPU = Debug|Any CPU
		Release|Any CPU = Release|Any CPU
	EndGlobalSection
	GlobalSection(ProjectConfigurationPlatforms) = postSolution
		{004E9E2B-9EB7-4020-B7E1-B2CEB717CAC1}.Debug|Any CPU.ActiveCfg = Debug|Any CPU
		{004E9E2B-9EB7-4020-B7E1-B2CEB717CAC1}.Debug|Any CPU.Build.0 = Debug|Any CPU
		{004E9E2B-9EB7-4020-B7E1-B2CEB717CAC1}.Release|Any CPU.ActiveCfg = Release|Any CPU
		{004E9E2B-9EB7-4020-B7E1-B2CEB717CAC1}.Release|Any CPU.Build.0 = Release|Any CPU
		{6AFC22B7-E335-4312-9887-0A5F9DEA5684}.Debug|Any CPU.ActiveCfg = Debug|Any CPU
		{6AFC22B7-E335-4312-9887-0A5F9DEA5684}.Debug|Any CPU.Build.0 = Debug|Any CPU
		{6AFC22B7-E335-4312-9887-0A5F9DEA5684}.Release|Any CPU.ActiveCfg = Release|Any CPU
		{6AFC22B7-E335-4312-9887-0A5F9DEA5684}.Release|Any CPU.Build.0 = Release|Any CPU
	EndGlobalSection
	GlobalSection(SolutionProperties) = preSolution
		HideSolutionNode = FALSE
	EndGlobalSection
EndGlobal
